// !$*UTF8*$!
{
	archiveVersion = 1;
	classes = {
	};
	objectVersion = 46;
	objects = {

/* Begin PBXBuildFile section */
		DD7F1273C01980882FDD8E95 /* libPods-Universal Converter.a in Frameworks */ = {isa = PBXBuildFile; fileRef = 8908C89B6BF182D1E31F27F6 /* libPods-Universal Converter.a */; };
		E82FA5AA1C2B53AA006B5EB2 /* Reachability.swift in Sources */ = {isa = PBXBuildFile; fileRef = E82FA5A91C2B53AA006B5EB2 /* Reachability.swift */; };
		E86E82321C1E5FD60029BB55 /* AEXML.swift in Sources */ = {isa = PBXBuildFile; fileRef = E86E82311C1E5FD60029BB55 /* AEXML.swift */; };
		E89848E61C31F0C4001B5D66 /* DonateVC.swift in Sources */ = {isa = PBXBuildFile; fileRef = E89848E51C31F0C4001B5D66 /* DonateVC.swift */; };
		E8CEB90D1C162E6F00BFBB63 /* FormulaModel.swift in Sources */ = {isa = PBXBuildFile; fileRef = E8CEB90C1C162E6F00BFBB63 /* FormulaModel.swift */; };
		E8CEB90F1C162E7A00BFBB63 /* FormulaController.swift in Sources */ = {isa = PBXBuildFile; fileRef = E8CEB90E1C162E7A00BFBB63 /* FormulaController.swift */; };
		E8CEB9111C162E8400BFBB63 /* RoundingNumExtension.swift in Sources */ = {isa = PBXBuildFile; fileRef = E8CEB9101C162E8400BFBB63 /* RoundingNumExtension.swift */; };
		FA018B911C30201D0096F4FB /* DotButton.swift in Sources */ = {isa = PBXBuildFile; fileRef = FA018B901C30201D0096F4FB /* DotButton.swift */; };
		FA2A62B41C2BA341009B1D4C /* GradientBackgroundView.swift in Sources */ = {isa = PBXBuildFile; fileRef = FA2A62B31C2BA341009B1D4C /* GradientBackgroundView.swift */; };
		FA2A62B61C2BB093009B1D4C /* MinusButton.swift in Sources */ = {isa = PBXBuildFile; fileRef = FA2A62B51C2BB093009B1D4C /* MinusButton.swift */; };
		FA51E5A41C0577ED005460B0 /* CategoryModel.swift in Sources */ = {isa = PBXBuildFile; fileRef = FA51E5A31C0577ED005460B0 /* CategoryModel.swift */; };
		FA52FF031C01640000EACD26 /* AppDelegate.swift in Sources */ = {isa = PBXBuildFile; fileRef = FA52FF021C01640000EACD26 /* AppDelegate.swift */; };
		FA52FF081C01640000EACD26 /* Main.storyboard in Resources */ = {isa = PBXBuildFile; fileRef = FA52FF061C01640000EACD26 /* Main.storyboard */; };
		FA52FF0A1C01640000EACD26 /* Assets.xcassets in Resources */ = {isa = PBXBuildFile; fileRef = FA52FF091C01640000EACD26 /* Assets.xcassets */; };
		FA52FF0D1C01640000EACD26 /* LaunchScreen.storyboard in Resources */ = {isa = PBXBuildFile; fileRef = FA52FF0B1C01640000EACD26 /* LaunchScreen.storyboard */; };
		FA52FF181C01640000EACD26 /* Universal_ConverterTests.swift in Sources */ = {isa = PBXBuildFile; fileRef = FA52FF171C01640000EACD26 /* Universal_ConverterTests.swift */; };
		FA52FF231C01640000EACD26 /* Universal_ConverterUITests.swift in Sources */ = {isa = PBXBuildFile; fileRef = FA52FF221C01640000EACD26 /* Universal_ConverterUITests.swift */; };
		FA52FF311C01647800EACD26 /* HomeViewController.swift in Sources */ = {isa = PBXBuildFile; fileRef = FA52FF301C01647800EACD26 /* HomeViewController.swift */; };
		FA52FF331C016EDA00EACD26 /* CategoryCell.swift in Sources */ = {isa = PBXBuildFile; fileRef = FA52FF321C016EDA00EACD26 /* CategoryCell.swift */; };
		FA52FF351C01978600EACD26 /* Constants.swift in Sources */ = {isa = PBXBuildFile; fileRef = FA52FF341C01978600EACD26 /* Constants.swift */; };
		FA52FF371C01987500EACD26 /* ConverterViewController.swift in Sources */ = {isa = PBXBuildFile; fileRef = FA52FF361C01987500EACD26 /* ConverterViewController.swift */; };
		FA57A1431C1B268900651A39 /* KeyboardButton.mp3 in Resources */ = {isa = PBXBuildFile; fileRef = FA57A1421C1B268900651A39 /* KeyboardButton.mp3 */; };
		FA57A1451C1B279300651A39 /* CategoryButton.mp3 in Resources */ = {isa = PBXBuildFile; fileRef = FA57A1441C1B279300651A39 /* CategoryButton.mp3 */; };
		FA8FDF5A1C1A29030047C647 /* ClearButton.swift in Sources */ = {isa = PBXBuildFile; fileRef = FA8FDF591C1A29030047C647 /* ClearButton.swift */; };
		FA8FDF5C1C1A2D4E0047C647 /* CorrectButton.swift in Sources */ = {isa = PBXBuildFile; fileRef = FA8FDF5B1C1A2D4E0047C647 /* CorrectButton.swift */; };
		FA8FDF5E1C1A2EA90047C647 /* DoneButton.swift in Sources */ = {isa = PBXBuildFile; fileRef = FA8FDF5D1C1A2EA90047C647 /* DoneButton.swift */; };
		FA8FDF601C1A2FC70047C647 /* FlipButton.swift in Sources */ = {isa = PBXBuildFile; fileRef = FA8FDF5F1C1A2FC70047C647 /* FlipButton.swift */; };
		FA9AF4E41C069BAD00CAD232 /* ConverterResultsCell.swift in Sources */ = {isa = PBXBuildFile; fileRef = FA9AF4E31C069BAD00CAD232 /* ConverterResultsCell.swift */; };
		FA9AF4E61C069BD300CAD232 /* FloatingView.swift in Sources */ = {isa = PBXBuildFile; fileRef = FA9AF4E51C069BD300CAD232 /* FloatingView.swift */; };
		FAEEBF9C1C053225001EA57A /* KeyboardButton.swift in Sources */ = {isa = PBXBuildFile; fileRef = FAEEBF9B1C053225001EA57A /* KeyboardButton.swift */; };
/* End PBXBuildFile section */

/* Begin PBXContainerItemProxy section */
		FA52FF141C01640000EACD26 /* PBXContainerItemProxy */ = {
			isa = PBXContainerItemProxy;
			containerPortal = FA52FEF71C01640000EACD26 /* Project object */;
			proxyType = 1;
			remoteGlobalIDString = FA52FEFE1C01640000EACD26;
			remoteInfo = "Universal Converter";
		};
		FA52FF1F1C01640000EACD26 /* PBXContainerItemProxy */ = {
			isa = PBXContainerItemProxy;
			containerPortal = FA52FEF71C01640000EACD26 /* Project object */;
			proxyType = 1;
			remoteGlobalIDString = FA52FEFE1C01640000EACD26;
			remoteInfo = "Universal Converter";
		};
/* End PBXContainerItemProxy section */

/* Begin PBXFileReference section */
		8908C89B6BF182D1E31F27F6 /* libPods-Universal Converter.a */ = {isa = PBXFileReference; explicitFileType = archive.ar; includeInIndex = 0; path = "libPods-Universal Converter.a"; sourceTree = BUILT_PRODUCTS_DIR; };
		AF5EEEAA845D7B079176CA9E /* Pods-Universal Converter.debug.xcconfig */ = {isa = PBXFileReference; includeInIndex = 1; lastKnownFileType = text.xcconfig; name = "Pods-Universal Converter.debug.xcconfig"; path = "Pods/Target Support Files/Pods-Universal Converter/Pods-Universal Converter.debug.xcconfig"; sourceTree = "<group>"; };
		E82FA5A91C2B53AA006B5EB2 /* Reachability.swift */ = {isa = PBXFileReference; fileEncoding = 4; lastKnownFileType = sourcecode.swift; name = Reachability.swift; path = ../Reachability.swift; sourceTree = "<group>"; };
		E86E82311C1E5FD60029BB55 /* AEXML.swift */ = {isa = PBXFileReference; fileEncoding = 4; lastKnownFileType = sourcecode.swift; path = AEXML.swift; sourceTree = "<group>"; };
		E891CC9C1C344E9700F5824A /* UniConverter-Bridging-Header.h */ = {isa = PBXFileReference; fileEncoding = 4; lastKnownFileType = sourcecode.c.h; path = "UniConverter-Bridging-Header.h"; sourceTree = "<group>"; };
		E89848E51C31F0C4001B5D66 /* DonateVC.swift */ = {isa = PBXFileReference; fileEncoding = 4; lastKnownFileType = sourcecode.swift; path = DonateVC.swift; sourceTree = "<group>"; };
		E8CEB90C1C162E6F00BFBB63 /* FormulaModel.swift */ = {isa = PBXFileReference; fileEncoding = 4; lastKnownFileType = sourcecode.swift; path = FormulaModel.swift; sourceTree = "<group>"; };
		E8CEB90E1C162E7A00BFBB63 /* FormulaController.swift */ = {isa = PBXFileReference; fileEncoding = 4; lastKnownFileType = sourcecode.swift; path = FormulaController.swift; sourceTree = "<group>"; };
		E8CEB9101C162E8400BFBB63 /* RoundingNumExtension.swift */ = {isa = PBXFileReference; fileEncoding = 4; lastKnownFileType = sourcecode.swift; path = RoundingNumExtension.swift; sourceTree = "<group>"; };
		EE996091A12E35D26ABB1B65 /* Pods-Universal Converter.release.xcconfig */ = {isa = PBXFileReference; includeInIndex = 1; lastKnownFileType = text.xcconfig; name = "Pods-Universal Converter.release.xcconfig"; path = "Pods/Target Support Files/Pods-Universal Converter/Pods-Universal Converter.release.xcconfig"; sourceTree = "<group>"; };
		FA018B901C30201D0096F4FB /* DotButton.swift */ = {isa = PBXFileReference; fileEncoding = 4; lastKnownFileType = sourcecode.swift; path = DotButton.swift; sourceTree = "<group>"; };
		FA2A62B31C2BA341009B1D4C /* GradientBackgroundView.swift */ = {isa = PBXFileReference; fileEncoding = 4; lastKnownFileType = sourcecode.swift; path = GradientBackgroundView.swift; sourceTree = "<group>"; };
		FA2A62B51C2BB093009B1D4C /* MinusButton.swift */ = {isa = PBXFileReference; fileEncoding = 4; lastKnownFileType = sourcecode.swift; path = MinusButton.swift; sourceTree = "<group>"; };
		FA51E5A31C0577ED005460B0 /* CategoryModel.swift */ = {isa = PBXFileReference; fileEncoding = 4; lastKnownFileType = sourcecode.swift; path = CategoryModel.swift; sourceTree = "<group>"; };
		FA52FEFF1C01640000EACD26 /* Universal Converter.app */ = {isa = PBXFileReference; explicitFileType = wrapper.application; includeInIndex = 0; path = "Universal Converter.app"; sourceTree = BUILT_PRODUCTS_DIR; };
		FA52FF021C01640000EACD26 /* AppDelegate.swift */ = {isa = PBXFileReference; lastKnownFileType = sourcecode.swift; path = AppDelegate.swift; sourceTree = "<group>"; };
		FA52FF071C01640000EACD26 /* Base */ = {isa = PBXFileReference; lastKnownFileType = file.storyboard; name = Base; path = Base.lproj/Main.storyboard; sourceTree = "<group>"; };
		FA52FF091C01640000EACD26 /* Assets.xcassets */ = {isa = PBXFileReference; lastKnownFileType = folder.assetcatalog; path = Assets.xcassets; sourceTree = "<group>"; };
		FA52FF0C1C01640000EACD26 /* Base */ = {isa = PBXFileReference; lastKnownFileType = file.storyboard; name = Base; path = Base.lproj/LaunchScreen.storyboard; sourceTree = "<group>"; };
		FA52FF0E1C01640000EACD26 /* Info.plist */ = {isa = PBXFileReference; lastKnownFileType = text.plist.xml; path = Info.plist; sourceTree = "<group>"; };
		FA52FF131C01640000EACD26 /* Universal ConverterTests.xctest */ = {isa = PBXFileReference; explicitFileType = wrapper.cfbundle; includeInIndex = 0; path = "Universal ConverterTests.xctest"; sourceTree = BUILT_PRODUCTS_DIR; };
		FA52FF171C01640000EACD26 /* Universal_ConverterTests.swift */ = {isa = PBXFileReference; lastKnownFileType = sourcecode.swift; path = Universal_ConverterTests.swift; sourceTree = "<group>"; };
		FA52FF191C01640000EACD26 /* Info.plist */ = {isa = PBXFileReference; lastKnownFileType = text.plist.xml; path = Info.plist; sourceTree = "<group>"; };
		FA52FF1E1C01640000EACD26 /* Universal ConverterUITests.xctest */ = {isa = PBXFileReference; explicitFileType = wrapper.cfbundle; includeInIndex = 0; path = "Universal ConverterUITests.xctest"; sourceTree = BUILT_PRODUCTS_DIR; };
		FA52FF221C01640000EACD26 /* Universal_ConverterUITests.swift */ = {isa = PBXFileReference; lastKnownFileType = sourcecode.swift; path = Universal_ConverterUITests.swift; sourceTree = "<group>"; };
		FA52FF241C01640000EACD26 /* Info.plist */ = {isa = PBXFileReference; lastKnownFileType = text.plist.xml; path = Info.plist; sourceTree = "<group>"; };
		FA52FF301C01647800EACD26 /* HomeViewController.swift */ = {isa = PBXFileReference; fileEncoding = 4; lastKnownFileType = sourcecode.swift; path = HomeViewController.swift; sourceTree = "<group>"; };
		FA52FF321C016EDA00EACD26 /* CategoryCell.swift */ = {isa = PBXFileReference; fileEncoding = 4; lastKnownFileType = sourcecode.swift; path = CategoryCell.swift; sourceTree = "<group>"; };
		FA52FF341C01978600EACD26 /* Constants.swift */ = {isa = PBXFileReference; fileEncoding = 4; lastKnownFileType = sourcecode.swift; path = Constants.swift; sourceTree = "<group>"; };
		FA52FF361C01987500EACD26 /* ConverterViewController.swift */ = {isa = PBXFileReference; fileEncoding = 4; lastKnownFileType = sourcecode.swift; path = ConverterViewController.swift; sourceTree = "<group>"; };
		FA57A1421C1B268900651A39 /* KeyboardButton.mp3 */ = {isa = PBXFileReference; lastKnownFileType = audio.mp3; path = KeyboardButton.mp3; sourceTree = "<group>"; };
		FA57A1441C1B279300651A39 /* CategoryButton.mp3 */ = {isa = PBXFileReference; lastKnownFileType = audio.mp3; path = CategoryButton.mp3; sourceTree = "<group>"; };
		FA8FDF591C1A29030047C647 /* ClearButton.swift */ = {isa = PBXFileReference; fileEncoding = 4; lastKnownFileType = sourcecode.swift; path = ClearButton.swift; sourceTree = "<group>"; };
		FA8FDF5B1C1A2D4E0047C647 /* CorrectButton.swift */ = {isa = PBXFileReference; fileEncoding = 4; lastKnownFileType = sourcecode.swift; path = CorrectButton.swift; sourceTree = "<group>"; };
		FA8FDF5D1C1A2EA90047C647 /* DoneButton.swift */ = {isa = PBXFileReference; fileEncoding = 4; lastKnownFileType = sourcecode.swift; path = DoneButton.swift; sourceTree = "<group>"; };
		FA8FDF5F1C1A2FC70047C647 /* FlipButton.swift */ = {isa = PBXFileReference; fileEncoding = 4; lastKnownFileType = sourcecode.swift; path = FlipButton.swift; sourceTree = "<group>"; };
		FA9AF4E31C069BAD00CAD232 /* ConverterResultsCell.swift */ = {isa = PBXFileReference; fileEncoding = 4; lastKnownFileType = sourcecode.swift; path = ConverterResultsCell.swift; sourceTree = "<group>"; };
		FA9AF4E51C069BD300CAD232 /* FloatingView.swift */ = {isa = PBXFileReference; fileEncoding = 4; lastKnownFileType = sourcecode.swift; path = FloatingView.swift; sourceTree = "<group>"; };
		FAEEBF9B1C053225001EA57A /* KeyboardButton.swift */ = {isa = PBXFileReference; fileEncoding = 4; lastKnownFileType = sourcecode.swift; path = KeyboardButton.swift; sourceTree = "<group>"; };
/* End PBXFileReference section */

/* Begin PBXFrameworksBuildPhase section */
		FA52FEFC1C01640000EACD26 /* Frameworks */ = {
			isa = PBXFrameworksBuildPhase;
			buildActionMask = 2147483647;
			files = (
				DD7F1273C01980882FDD8E95 /* libPods-Universal Converter.a in Frameworks */,
			);
			runOnlyForDeploymentPostprocessing = 0;
		};
		FA52FF101C01640000EACD26 /* Frameworks */ = {
			isa = PBXFrameworksBuildPhase;
			buildActionMask = 2147483647;
			files = (
			);
			runOnlyForDeploymentPostprocessing = 0;
		};
		FA52FF1B1C01640000EACD26 /* Frameworks */ = {
			isa = PBXFrameworksBuildPhase;
			buildActionMask = 2147483647;
			files = (
			);
			runOnlyForDeploymentPostprocessing = 0;
		};
/* End PBXFrameworksBuildPhase section */

/* Begin PBXGroup section */
		D64D7679ABBE62AA5E309E92 /* Frameworks */ = {
			isa = PBXGroup;
			children = (
				8908C89B6BF182D1E31F27F6 /* libPods-Universal Converter.a */,
			);
			name = Frameworks;
			sourceTree = "<group>";
		};
		FA33FE891C20E7F5000A889D /* ModelController */ = {
			isa = PBXGroup;
			children = (
				E8CEB90E1C162E7A00BFBB63 /* FormulaController.swift */,
			);
			name = ModelController;
			sourceTree = "<group>";
		};
		FA52FEF61C01640000EACD26 = {
			isa = PBXGroup;
			children = (
				E891CC9C1C344E9700F5824A /* UniConverter-Bridging-Header.h */,
				FA52FF011C01640000EACD26 /* Universal Converter */,
				FA52FF161C01640000EACD26 /* Universal ConverterTests */,
				FA52FF211C01640000EACD26 /* Universal ConverterUITests */,
				FA52FF001C01640000EACD26 /* Products */,
				FFF021C21B502F07CF728DEF /* Pods */,
				D64D7679ABBE62AA5E309E92 /* Frameworks */,
			);
			sourceTree = "<group>";
		};
		FA52FF001C01640000EACD26 /* Products */ = {
			isa = PBXGroup;
			children = (
				FA52FEFF1C01640000EACD26 /* Universal Converter.app */,
				FA52FF131C01640000EACD26 /* Universal ConverterTests.xctest */,
				FA52FF1E1C01640000EACD26 /* Universal ConverterUITests.xctest */,
			);
			name = Products;
			sourceTree = "<group>";
		};
		FA52FF011C01640000EACD26 /* Universal Converter */ = {
			isa = PBXGroup;
			children = (
				FA52FF021C01640000EACD26 /* AppDelegate.swift */,
				FAEEBF9E1C054B4B001EA57A /* Model */,
				FAEEBF9A1C0531FD001EA57A /* View */,
				FAEEBF9D1C054B22001EA57A /* Controller */,
				FA77F8A61C10ACCF009C60B5 /* Utilities */,
				FA52FF061C01640000EACD26 /* Main.storyboard */,
				FA52FF0B1C01640000EACD26 /* LaunchScreen.storyboard */,
				FA52FF091C01640000EACD26 /* Assets.xcassets */,
				FA57A1411C1B266D00651A39 /* Resources */,
				FA52FF0E1C01640000EACD26 /* Info.plist */,
			);
			path = "Universal Converter";
			sourceTree = "<group>";
		};
		FA52FF161C01640000EACD26 /* Universal ConverterTests */ = {
			isa = PBXGroup;
			children = (
				FA52FF171C01640000EACD26 /* Universal_ConverterTests.swift */,
				FA52FF191C01640000EACD26 /* Info.plist */,
			);
			path = "Universal ConverterTests";
			sourceTree = "<group>";
		};
		FA52FF211C01640000EACD26 /* Universal ConverterUITests */ = {
			isa = PBXGroup;
			children = (
				FA52FF221C01640000EACD26 /* Universal_ConverterUITests.swift */,
				FA52FF241C01640000EACD26 /* Info.plist */,
			);
			path = "Universal ConverterUITests";
			sourceTree = "<group>";
		};
		FA57A1411C1B266D00651A39 /* Resources */ = {
			isa = PBXGroup;
			children = (
				FA57A1421C1B268900651A39 /* KeyboardButton.mp3 */,
				FA57A1441C1B279300651A39 /* CategoryButton.mp3 */,
			);
			name = Resources;
			sourceTree = "<group>";
		};
		FA77F8A61C10ACCF009C60B5 /* Utilities */ = {
			isa = PBXGroup;
			children = (
				FA52FF341C01978600EACD26 /* Constants.swift */,
				E82FA5A91C2B53AA006B5EB2 /* Reachability.swift */,
				E86E82311C1E5FD60029BB55 /* AEXML.swift */,
				E8CEB9101C162E8400BFBB63 /* RoundingNumExtension.swift */,
			);
			name = Utilities;
			sourceTree = "<group>";
		};
		FA8FDF581C1A28C40047C647 /* SpecialKeyboardButtons */ = {
			isa = PBXGroup;
			children = (
				FA8FDF591C1A29030047C647 /* ClearButton.swift */,
				FA8FDF5B1C1A2D4E0047C647 /* CorrectButton.swift */,
				FA8FDF5F1C1A2FC70047C647 /* FlipButton.swift */,
				FA8FDF5D1C1A2EA90047C647 /* DoneButton.swift */,
				FA2A62B51C2BB093009B1D4C /* MinusButton.swift */,
				FA018B901C30201D0096F4FB /* DotButton.swift */,
			);
			name = SpecialKeyboardButtons;
			sourceTree = "<group>";
		};
		FAEEBF9A1C0531FD001EA57A /* View */ = {
			isa = PBXGroup;
			children = (
				FA2A62B31C2BA341009B1D4C /* GradientBackgroundView.swift */,
				FA52FF321C016EDA00EACD26 /* CategoryCell.swift */,
				FAEEBF9B1C053225001EA57A /* KeyboardButton.swift */,
				FA9AF4E51C069BD300CAD232 /* FloatingView.swift */,
				FA9AF4E31C069BAD00CAD232 /* ConverterResultsCell.swift */,
				FA8FDF581C1A28C40047C647 /* SpecialKeyboardButtons */,
			);
			name = View;
			sourceTree = "<group>";
		};
		FAEEBF9D1C054B22001EA57A /* Controller */ = {
			isa = PBXGroup;
			children = (
				FA52FF301C01647800EACD26 /* HomeViewController.swift */,
				E89848E51C31F0C4001B5D66 /* DonateVC.swift */,
				FA52FF361C01987500EACD26 /* ConverterViewController.swift */,
			);
			name = Controller;
			sourceTree = "<group>";
		};
		FAEEBF9E1C054B4B001EA57A /* Model */ = {
			isa = PBXGroup;
			children = (
				FA51E5A31C0577ED005460B0 /* CategoryModel.swift */,
				E8CEB90C1C162E6F00BFBB63 /* FormulaModel.swift */,
				FA33FE891C20E7F5000A889D /* ModelController */,
			);
			name = Model;
			sourceTree = "<group>";
		};
		FFF021C21B502F07CF728DEF /* Pods */ = {
			isa = PBXGroup;
			children = (
				AF5EEEAA845D7B079176CA9E /* Pods-Universal Converter.debug.xcconfig */,
				EE996091A12E35D26ABB1B65 /* Pods-Universal Converter.release.xcconfig */,
			);
			name = Pods;
			sourceTree = "<group>";
		};
/* End PBXGroup section */

/* Begin PBXNativeTarget section */
		FA52FEFE1C01640000EACD26 /* Universal Converter */ = {
			isa = PBXNativeTarget;
			buildConfigurationList = FA52FF271C01640000EACD26 /* Build configuration list for PBXNativeTarget "Universal Converter" */;
			buildPhases = (
				22C274935F91D8C0BBA42DBE /* Check Pods Manifest.lock */,
				FA52FEFB1C01640000EACD26 /* Sources */,
				FA52FEFC1C01640000EACD26 /* Frameworks */,
				FA52FEFD1C01640000EACD26 /* Resources */,
				393BBDB869ED7DB567CDA8CC /* Copy Pods Resources */,
			);
			buildRules = (
			);
			dependencies = (
			);
			name = "Universal Converter";
			productName = "Universal Converter";
			productReference = FA52FEFF1C01640000EACD26 /* Universal Converter.app */;
			productType = "com.apple.product-type.application";
		};
		FA52FF121C01640000EACD26 /* Universal ConverterTests */ = {
			isa = PBXNativeTarget;
			buildConfigurationList = FA52FF2A1C01640000EACD26 /* Build configuration list for PBXNativeTarget "Universal ConverterTests" */;
			buildPhases = (
				FA52FF0F1C01640000EACD26 /* Sources */,
				FA52FF101C01640000EACD26 /* Frameworks */,
				FA52FF111C01640000EACD26 /* Resources */,
			);
			buildRules = (
			);
			dependencies = (
				FA52FF151C01640000EACD26 /* PBXTargetDependency */,
			);
			name = "Universal ConverterTests";
			productName = "Universal ConverterTests";
			productReference = FA52FF131C01640000EACD26 /* Universal ConverterTests.xctest */;
			productType = "com.apple.product-type.bundle.unit-test";
		};
		FA52FF1D1C01640000EACD26 /* Universal ConverterUITests */ = {
			isa = PBXNativeTarget;
			buildConfigurationList = FA52FF2D1C01640000EACD26 /* Build configuration list for PBXNativeTarget "Universal ConverterUITests" */;
			buildPhases = (
				FA52FF1A1C01640000EACD26 /* Sources */,
				FA52FF1B1C01640000EACD26 /* Frameworks */,
				FA52FF1C1C01640000EACD26 /* Resources */,
			);
			buildRules = (
			);
			dependencies = (
				FA52FF201C01640000EACD26 /* PBXTargetDependency */,
			);
			name = "Universal ConverterUITests";
			productName = "Universal ConverterUITests";
			productReference = FA52FF1E1C01640000EACD26 /* Universal ConverterUITests.xctest */;
			productType = "com.apple.product-type.bundle.ui-testing";
		};
/* End PBXNativeTarget section */

/* Begin PBXProject section */
		FA52FEF71C01640000EACD26 /* Project object */ = {
			isa = PBXProject;
			attributes = {
				LastSwiftUpdateCheck = 0710;
				LastUpgradeCheck = 0710;
				ORGANIZATIONNAME = "Alexander Besson";
				TargetAttributes = {
					FA52FEFE1C01640000EACD26 = {
						CreatedOnToolsVersion = 7.1.1;
					};
					FA52FF121C01640000EACD26 = {
						CreatedOnToolsVersion = 7.1.1;
						TestTargetID = FA52FEFE1C01640000EACD26;
					};
					FA52FF1D1C01640000EACD26 = {
						CreatedOnToolsVersion = 7.1.1;
						TestTargetID = FA52FEFE1C01640000EACD26;
					};
				};
			};
			buildConfigurationList = FA52FEFA1C01640000EACD26 /* Build configuration list for PBXProject "Universal Converter" */;
			compatibilityVersion = "Xcode 3.2";
			developmentRegion = English;
			hasScannedForEncodings = 0;
			knownRegions = (
				en,
				Base,
			);
			mainGroup = FA52FEF61C01640000EACD26;
			productRefGroup = FA52FF001C01640000EACD26 /* Products */;
			projectDirPath = "";
			projectRoot = "";
			targets = (
				FA52FEFE1C01640000EACD26 /* Universal Converter */,
				FA52FF121C01640000EACD26 /* Universal ConverterTests */,
				FA52FF1D1C01640000EACD26 /* Universal ConverterUITests */,
			);
		};
/* End PBXProject section */

/* Begin PBXResourcesBuildPhase section */
		FA52FEFD1C01640000EACD26 /* Resources */ = {
			isa = PBXResourcesBuildPhase;
			buildActionMask = 2147483647;
			files = (
				FA52FF0D1C01640000EACD26 /* LaunchScreen.storyboard in Resources */,
				FA57A1451C1B279300651A39 /* CategoryButton.mp3 in Resources */,
				FA52FF0A1C01640000EACD26 /* Assets.xcassets in Resources */,
				FA52FF081C01640000EACD26 /* Main.storyboard in Resources */,
				FA57A1431C1B268900651A39 /* KeyboardButton.mp3 in Resources */,
			);
			runOnlyForDeploymentPostprocessing = 0;
		};
		FA52FF111C01640000EACD26 /* Resources */ = {
			isa = PBXResourcesBuildPhase;
			buildActionMask = 2147483647;
			files = (
			);
			runOnlyForDeploymentPostprocessing = 0;
		};
		FA52FF1C1C01640000EACD26 /* Resources */ = {
			isa = PBXResourcesBuildPhase;
			buildActionMask = 2147483647;
			files = (
			);
			runOnlyForDeploymentPostprocessing = 0;
		};
/* End PBXResourcesBuildPhase section */

/* Begin PBXShellScriptBuildPhase section */
		22C274935F91D8C0BBA42DBE /* Check Pods Manifest.lock */ = {
			isa = PBXShellScriptBuildPhase;
			buildActionMask = 2147483647;
			files = (
			);
			inputPaths = (
			);
			name = "Check Pods Manifest.lock";
			outputPaths = (
			);
			runOnlyForDeploymentPostprocessing = 0;
			shellPath = /bin/sh;
			shellScript = "diff \"${PODS_ROOT}/../Podfile.lock\" \"${PODS_ROOT}/Manifest.lock\" > /dev/null\nif [[ $? != 0 ]] ; then\n    cat << EOM\nerror: The sandbox is not in sync with the Podfile.lock. Run 'pod install' or update your CocoaPods installation.\nEOM\n    exit 1\nfi\n";
			showEnvVarsInLog = 0;
		};
		393BBDB869ED7DB567CDA8CC /* Copy Pods Resources */ = {
			isa = PBXShellScriptBuildPhase;
			buildActionMask = 2147483647;
			files = (
			);
			inputPaths = (
			);
			name = "Copy Pods Resources";
			outputPaths = (
			);
			runOnlyForDeploymentPostprocessing = 0;
			shellPath = /bin/sh;
			shellScript = "\"${SRCROOT}/Pods/Target Support Files/Pods-Universal Converter/Pods-Universal Converter-resources.sh\"\n";
			showEnvVarsInLog = 0;
		};
/* End PBXShellScriptBuildPhase section */

/* Begin PBXSourcesBuildPhase section */
		FA52FEFB1C01640000EACD26 /* Sources */ = {
			isa = PBXSourcesBuildPhase;
			buildActionMask = 2147483647;
			files = (
				E8CEB90F1C162E7A00BFBB63 /* FormulaController.swift in Sources */,
				FAEEBF9C1C053225001EA57A /* KeyboardButton.swift in Sources */,
				FA8FDF601C1A2FC70047C647 /* FlipButton.swift in Sources */,
				FA52FF031C01640000EACD26 /* AppDelegate.swift in Sources */,
				FA018B911C30201D0096F4FB /* DotButton.swift in Sources */,
				FA8FDF5C1C1A2D4E0047C647 /* CorrectButton.swift in Sources */,
				FA52FF311C01647800EACD26 /* HomeViewController.swift in Sources */,
				FA52FF331C016EDA00EACD26 /* CategoryCell.swift in Sources */,
				E86E82321C1E5FD60029BB55 /* AEXML.swift in Sources */,
				FA2A62B61C2BB093009B1D4C /* MinusButton.swift in Sources */,
				FA2A62B41C2BA341009B1D4C /* GradientBackgroundView.swift in Sources */,
				FA51E5A41C0577ED005460B0 /* CategoryModel.swift in Sources */,
				FA52FF351C01978600EACD26 /* Constants.swift in Sources */,
				FA52FF371C01987500EACD26 /* ConverterViewController.swift in Sources */,
				E8CEB90D1C162E6F00BFBB63 /* FormulaModel.swift in Sources */,
				E89848E61C31F0C4001B5D66 /* DonateVC.swift in Sources */,
				FA9AF4E61C069BD300CAD232 /* FloatingView.swift in Sources */,
				E8CEB9111C162E8400BFBB63 /* RoundingNumExtension.swift in Sources */,
				E82FA5AA1C2B53AA006B5EB2 /* Reachability.swift in Sources */,
				FA8FDF5E1C1A2EA90047C647 /* DoneButton.swift in Sources */,
				FA9AF4E41C069BAD00CAD232 /* ConverterResultsCell.swift in Sources */,
				FA8FDF5A1C1A29030047C647 /* ClearButton.swift in Sources */,
			);
			runOnlyForDeploymentPostprocessing = 0;
		};
		FA52FF0F1C01640000EACD26 /* Sources */ = {
			isa = PBXSourcesBuildPhase;
			buildActionMask = 2147483647;
			files = (
				FA52FF181C01640000EACD26 /* Universal_ConverterTests.swift in Sources */,
			);
			runOnlyForDeploymentPostprocessing = 0;
		};
		FA52FF1A1C01640000EACD26 /* Sources */ = {
			isa = PBXSourcesBuildPhase;
			buildActionMask = 2147483647;
			files = (
				FA52FF231C01640000EACD26 /* Universal_ConverterUITests.swift in Sources */,
			);
			runOnlyForDeploymentPostprocessing = 0;
		};
/* End PBXSourcesBuildPhase section */

/* Begin PBXTargetDependency section */
		FA52FF151C01640000EACD26 /* PBXTargetDependency */ = {
			isa = PBXTargetDependency;
			target = FA52FEFE1C01640000EACD26 /* Universal Converter */;
			targetProxy = FA52FF141C01640000EACD26 /* PBXContainerItemProxy */;
		};
		FA52FF201C01640000EACD26 /* PBXTargetDependency */ = {
			isa = PBXTargetDependency;
			target = FA52FEFE1C01640000EACD26 /* Universal Converter */;
			targetProxy = FA52FF1F1C01640000EACD26 /* PBXContainerItemProxy */;
		};
/* End PBXTargetDependency section */

/* Begin PBXVariantGroup section */
		FA52FF061C01640000EACD26 /* Main.storyboard */ = {
			isa = PBXVariantGroup;
			children = (
				FA52FF071C01640000EACD26 /* Base */,
			);
			name = Main.storyboard;
			sourceTree = "<group>";
		};
		FA52FF0B1C01640000EACD26 /* LaunchScreen.storyboard */ = {
			isa = PBXVariantGroup;
			children = (
				FA52FF0C1C01640000EACD26 /* Base */,
			);
			name = LaunchScreen.storyboard;
			sourceTree = "<group>";
		};
/* End PBXVariantGroup section */

/* Begin XCBuildConfiguration section */
		FA52FF251C01640000EACD26 /* Debug */ = {
			isa = XCBuildConfiguration;
			buildSettings = {
				ALWAYS_SEARCH_USER_PATHS = NO;
				CLANG_CXX_LANGUAGE_STANDARD = "gnu++0x";
				CLANG_CXX_LIBRARY = "libc++";
				CLANG_ENABLE_MODULES = YES;
				CLANG_ENABLE_OBJC_ARC = YES;
				CLANG_WARN_BOOL_CONVERSION = YES;
				CLANG_WARN_CONSTANT_CONVERSION = YES;
				CLANG_WARN_DIRECT_OBJC_ISA_USAGE = YES_ERROR;
				CLANG_WARN_EMPTY_BODY = YES;
				CLANG_WARN_ENUM_CONVERSION = YES;
				CLANG_WARN_INT_CONVERSION = YES;
				CLANG_WARN_OBJC_ROOT_CLASS = YES_ERROR;
				CLANG_WARN_UNREACHABLE_CODE = YES;
				CLANG_WARN__DUPLICATE_METHOD_MATCH = YES;
				"CODE_SIGN_IDENTITY[sdk=iphoneos*]" = "iPhone Developer";
				COPY_PHASE_STRIP = NO;
				DEBUG_INFORMATION_FORMAT = dwarf;
				ENABLE_STRICT_OBJC_MSGSEND = YES;
				ENABLE_TESTABILITY = YES;
				GCC_C_LANGUAGE_STANDARD = gnu99;
				GCC_DYNAMIC_NO_PIC = NO;
				GCC_NO_COMMON_BLOCKS = YES;
				GCC_OPTIMIZATION_LEVEL = 0;
				GCC_PREPROCESSOR_DEFINITIONS = (
					"DEBUG=1",
					"$(inherited)",
				);
				GCC_WARN_64_TO_32_BIT_CONVERSION = YES;
				GCC_WARN_ABOUT_RETURN_TYPE = YES_ERROR;
				GCC_WARN_UNDECLARED_SELECTOR = YES;
				GCC_WARN_UNINITIALIZED_AUTOS = YES_AGGRESSIVE;
				GCC_WARN_UNUSED_FUNCTION = YES;
				GCC_WARN_UNUSED_VARIABLE = YES;
				IPHONEOS_DEPLOYMENT_TARGET = 9.1;
				MTL_ENABLE_DEBUG_INFO = YES;
				ONLY_ACTIVE_ARCH = YES;
				SDKROOT = iphoneos;
				SWIFT_OPTIMIZATION_LEVEL = "-Onone";
			};
			name = Debug;
		};
		FA52FF261C01640000EACD26 /* Release */ = {
			isa = XCBuildConfiguration;
			buildSettings = {
				ALWAYS_SEARCH_USER_PATHS = NO;
				CLANG_CXX_LANGUAGE_STANDARD = "gnu++0x";
				CLANG_CXX_LIBRARY = "libc++";
				CLANG_ENABLE_MODULES = YES;
				CLANG_ENABLE_OBJC_ARC = YES;
				CLANG_WARN_BOOL_CONVERSION = YES;
				CLANG_WARN_CONSTANT_CONVERSION = YES;
				CLANG_WARN_DIRECT_OBJC_ISA_USAGE = YES_ERROR;
				CLANG_WARN_EMPTY_BODY = YES;
				CLANG_WARN_ENUM_CONVERSION = YES;
				CLANG_WARN_INT_CONVERSION = YES;
				CLANG_WARN_OBJC_ROOT_CLASS = YES_ERROR;
				CLANG_WARN_UNREACHABLE_CODE = YES;
				CLANG_WARN__DUPLICATE_METHOD_MATCH = YES;
				"CODE_SIGN_IDENTITY[sdk=iphoneos*]" = "iPhone Developer";
				COPY_PHASE_STRIP = NO;
				DEBUG_INFORMATION_FORMAT = "dwarf-with-dsym";
				ENABLE_NS_ASSERTIONS = NO;
				ENABLE_STRICT_OBJC_MSGSEND = YES;
				GCC_C_LANGUAGE_STANDARD = gnu99;
				GCC_NO_COMMON_BLOCKS = YES;
				GCC_WARN_64_TO_32_BIT_CONVERSION = YES;
				GCC_WARN_ABOUT_RETURN_TYPE = YES_ERROR;
				GCC_WARN_UNDECLARED_SELECTOR = YES;
				GCC_WARN_UNINITIALIZED_AUTOS = YES_AGGRESSIVE;
				GCC_WARN_UNUSED_FUNCTION = YES;
				GCC_WARN_UNUSED_VARIABLE = YES;
				IPHONEOS_DEPLOYMENT_TARGET = 9.1;
				MTL_ENABLE_DEBUG_INFO = NO;
				SDKROOT = iphoneos;
				VALIDATE_PRODUCT = YES;
			};
			name = Release;
		};
		FA52FF281C01640000EACD26 /* Debug */ = {
			isa = XCBuildConfiguration;
			baseConfigurationReference = AF5EEEAA845D7B079176CA9E /* Pods-Universal Converter.debug.xcconfig */;
			buildSettings = {
				ASSETCATALOG_COMPILER_APPICON_NAME = AppIcon;
				INFOPLIST_FILE = "Universal Converter/Info.plist";
				LD_RUNPATH_SEARCH_PATHS = "$(inherited) @executable_path/Frameworks";
				PRODUCT_BUNDLE_IDENTIFIER = "besson.Universal-Converter";
				PRODUCT_NAME = "$(TARGET_NAME)";
				SWIFT_OBJC_BRIDGING_HEADER = "UniConverter-Bridging-Header.h";
			};
			name = Debug;
		};
		FA52FF291C01640000EACD26 /* Release */ = {
			isa = XCBuildConfiguration;
			baseConfigurationReference = EE996091A12E35D26ABB1B65 /* Pods-Universal Converter.release.xcconfig */;
			buildSettings = {
				ASSETCATALOG_COMPILER_APPICON_NAME = AppIcon;
				INFOPLIST_FILE = "Universal Converter/Info.plist";
				LD_RUNPATH_SEARCH_PATHS = "$(inherited) @executable_path/Frameworks";
				PRODUCT_BUNDLE_IDENTIFIER = "besson.Universal-Converter";
				PRODUCT_NAME = "$(TARGET_NAME)";
				SWIFT_OBJC_BRIDGING_HEADER = "UniConverter-Bridging-Header.h";
			};
			name = Release;
		};
		FA52FF2B1C01640000EACD26 /* Debug */ = {
			isa = XCBuildConfiguration;
			buildSettings = {
				BUNDLE_LOADER = "$(TEST_HOST)";
				INFOPLIST_FILE = "Universal ConverterTests/Info.plist";
				LD_RUNPATH_SEARCH_PATHS = "$(inherited) @executable_path/Frameworks @loader_path/Frameworks";
				PRODUCT_BUNDLE_IDENTIFIER = "besson.Universal-ConverterTests";
				PRODUCT_NAME = "$(TARGET_NAME)";
				TEST_HOST = "$(BUILT_PRODUCTS_DIR)/Universal Converter.app/Universal Converter";
			};
			name = Debug;
		};
		FA52FF2C1C01640000EACD26 /* Release */ = {
			isa = XCBuildConfiguration;
			buildSettings = {
				BUNDLE_LOADER = "$(TEST_HOST)";
				INFOPLIST_FILE = "Universal ConverterTests/Info.plist";
				LD_RUNPATH_SEARCH_PATHS = "$(inherited) @executable_path/Frameworks @loader_path/Frameworks";
				PRODUCT_BUNDLE_IDENTIFIER = "besson.Universal-ConverterTests";
				PRODUCT_NAME = "$(TARGET_NAME)";
				TEST_HOST = "$(BUILT_PRODUCTS_DIR)/Universal Converter.app/Universal Converter";
			};
			name = Release;
		};
		FA52FF2E1C01640000EACD26 /* Debug */ = {
			isa = XCBuildConfiguration;
			buildSettings = {
				INFOPLIST_FILE = "Universal ConverterUITests/Info.plist";
				LD_RUNPATH_SEARCH_PATHS = "$(inherited) @executable_path/Frameworks @loader_path/Frameworks";
				PRODUCT_BUNDLE_IDENTIFIER = "besson.Universal-ConverterUITests";
				PRODUCT_NAME = "$(TARGET_NAME)";
				TEST_TARGET_NAME = "Universal Converter";
				USES_XCTRUNNER = YES;
			};
			name = Debug;
		};
		FA52FF2F1C01640000EACD26 /* Release */ = {
			isa = XCBuildConfiguration;
			buildSettings = {
				INFOPLIST_FILE = "Universal ConverterUITests/Info.plist";
				LD_RUNPATH_SEARCH_PATHS = "$(inherited) @executable_path/Frameworks @loader_path/Frameworks";
				PRODUCT_BUNDLE_IDENTIFIER = "besson.Universal-ConverterUITests";
				PRODUCT_NAME = "$(TARGET_NAME)";
				TEST_TARGET_NAME = "Universal Converter";
				USES_XCTRUNNER = YES;
			};
			name = Release;
		};
/* End XCBuildConfiguration section */

/* Begin XCConfigurationList section */
		FA52FEFA1C01640000EACD26 /* Build configuration list for PBXProject "Universal Converter" */ = {
			isa = XCConfigurationList;
			buildConfigurations = (
				FA52FF251C01640000EACD26 /* Debug */,
				FA52FF261C01640000EACD26 /* Release */,
			);
			defaultConfigurationIsVisible = 0;
			defaultConfigurationName = Release;
		};
		FA52FF271C01640000EACD26 /* Build configuration list for PBXNativeTarget "Universal Converter" */ = {
			isa = XCConfigurationList;
			buildConfigurations = (
				FA52FF281C01640000EACD26 /* Debug */,
				FA52FF291C01640000EACD26 /* Release */,
			);
			defaultConfigurationIsVisible = 0;
			defaultConfigurationName = Release;
		};
		FA52FF2A1C01640000EACD26 /* Build configuration list for PBXNativeTarget "Universal ConverterTests" */ = {
			isa = XCConfigurationList;
			buildConfigurations = (
				FA52FF2B1C01640000EACD26 /* Debug */,
				FA52FF2C1C01640000EACD26 /* Release */,
			);
			defaultConfigurationIsVisible = 0;
			defaultConfigurationName = Release;
		};
		FA52FF2D1C01640000EACD26 /* Build configuration list for PBXNativeTarget "Universal ConverterUITests" */ = {
			isa = XCConfigurationList;
			buildConfigurations = (
				FA52FF2E1C01640000EACD26 /* Debug */,
				FA52FF2F1C01640000EACD26 /* Release */,
			);
			defaultConfigurationIsVisible = 0;
			defaultConfigurationName = Release;
		};
/* End XCConfigurationList section */
	};
	rootObject = FA52FEF71C01640000EACD26 /* Project object */;
}
